
Microsoft Visual Studio Solution File, Format Version 12.00
# Visual Studio Version 17
VisualStudioVersion = 17.13.35507.96 d17.13
MinimumVisualStudioVersion = 10.0.40219.1
Project("{FAE04EC0-301F-11D3-BF4B-00C04F79EFBC}") = "lab2_autotest", "lab2_autotest\lab2_autotest.csproj", "{D59C1F88-EBC5-4F3F-B270-63D8D9F597F1}"
EndProject
Global
	GlobalSection(SolutionConfigurationPlatforms) = preSolution
		Debug|Any CPU = Debug|Any CPU
		Release|Any CPU = Release|Any CPU
	EndGlobalSection
	GlobalSection(ProjectConfigurationPlatforms) = postSolution
		{D59C1F88-EBC5-4F3F-B270-63D8D9F597F1}.Debug|Any CPU.ActiveCfg = Debug|Any CPU
		{D59C1F88-EBC5-4F3F-B270-63D8D9F597F1}.Debug|Any CPU.Build.0 = Debug|Any CPU
		{D59C1F88-EBC5-4F3F-B270-63D8D9F597F1}.Release|Any CPU.ActiveCfg = Release|Any CPU
		{D59C1F88-EBC5-4F3F-B270-63D8D9F597F1}.Release|Any CPU.Build.0 = Release|Any CPU
	EndGlobalSection
	GlobalSection(SolutionProperties) = preSolution
		HideSolutionNode = FALSE
	EndGlobalSection
	GlobalSection(ExtensibilityGlobals) = postSolution
		SolutionGuid = {C49E154C-2542-4B3E-BCEC-37ABC8373EC2}
	EndGlobalSection
EndGlobal
